<Solution>
  <Project Path="DataAccess.Abstractions/DataAccess.Abstractions.csproj" />
  <Project Path="DataAccess/DataAccess.csproj" />
  <Project Path="Domain/Domain.csproj" />
  <Project Path="Functions/Functions.csproj" />
  <Project Path="Services.Abstractions/Services.Abstractions.csproj" />
  <Project Path="Services/Services.csproj" />
</Solution>
